
Microsoft Visual Studio Solution File, Format Version 12.00
# Visual Studio Version 16
VisualStudioVersion = 16.0.30320.27
MinimumVisualStudioVersion = 10.0.40219.1
Project("{FAE04EC0-301F-11D3-BF4B-00C04F79EFBC}") = "ASAPApp", "ASAPApp.csproj", "{2CA025B1-B486-4843-BEBB-EE90F33063F6}"
EndProject
Global
	GlobalSection(SolutionConfigurationPlatforms) = preSolution
		Debug|Any CPU = Debug|Any CPU
		Release|Any CPU = Release|Any CPU
	EndGlobalSection
	GlobalSection(ProjectConfigurationPlatforms) = postSolution
		{2CA025B1-B486-4843-BEBB-EE90F33063F6}.Debug|Any CPU.ActiveCfg = Debug|Any CPU
		{2CA025B1-B486-4843-BEBB-EE90F33063F6}.Debug|Any CPU.Build.0 = Debug|Any CPU
		{2CA025B1-B486-4843-BEBB-EE90F33063F6}.Release|Any CPU.ActiveCfg = Release|Any CPU
		{2CA025B1-B486-4843-BEBB-EE90F33063F6}.Release|Any CPU.Build.0 = Release|Any CPU
	EndGlobalSection
	GlobalSection(SolutionProperties) = preSolution
		HideSolutionNode = FALSE
	EndGlobalSection
	GlobalSection(ExtensibilityGlobals) = postSolution
		SolutionGuid = {F07F0B56-672C-4527-83DA-D10ED05951B4}
	EndGlobalSection
EndGlobal
